
Microsoft Visual Studio Solution File, Format Version 12.00
# Visual Studio Version 17
VisualStudioVersion = 17.2.32630.192
MinimumVisualStudioVersion = 10.0.40219.1
Project("{9A19103F-16F7-4668-BE54-9A1E7A4F7556}") = "D8S.L0014.Construction", "D8S.L0014.Construction\D8S.L0014.Construction.csproj", "{309BBBE1-9045-49A5-9F08-BD93568CE030}"
EndProject
Project("{9A19103F-16F7-4668-BE54-9A1E7A4F7556}") = "D8S.L0014", "D8S.L0014\D8S.L0014.csproj", "{20EEACDF-7CB4-4B7F-8ACF-BABBC5EF286F}"
EndProject
Project("{9A19103F-16F7-4668-BE54-9A1E7A4F7556}") = "D8S.L0014.T000", "D8S.L0014.T000\D8S.L0014.T000.csproj", "{E30A905B-53D6-4392-9FF7-9A829E382AB0}"
EndProject
Project("{2150E333-8FDC-42A3-9474-1A3956D46DE8}") = "_Dependencies", "_Dependencies", "{26FDF751-51AA-4EFA-9E63-88D130EE4AA5}"
EndProject
Project("{9A19103F-16F7-4668-BE54-9A1E7A4F7556}") = "R5T.F0000", "..\..\..\SafetyCone\R5T.F0000\source\R5T.F0000\R5T.F0000.csproj", "{53B5A9AA-8D0C-4121-BB02-B11D6EC5BC38}"
EndProject
Project("{9A19103F-16F7-4668-BE54-9A1E7A4F7556}") = "R5T.F0002", "..\..\..\SafetyCone\R5T.F0002\source\R5T.F0002\R5T.F0002.csproj", "{8E4E3A2A-17E9-4F79-B6C8-866F02552CF1}"
EndProject
Project("{9A19103F-16F7-4668-BE54-9A1E7A4F7556}") = "R5T.F0059", "..\..\..\SafetyCone\R5T.F0059\source\R5T.F0059\R5T.F0059.csproj", "{C2DAEB81-574D-45C6-9258-0CA76FD67BC6}"
EndProject
Project("{9A19103F-16F7-4668-BE54-9A1E7A4F7556}") = "R5T.F0120", "..\..\..\SafetyCone\R5T.F0120\source\R5T.F0120\R5T.F0120.csproj", "{17856B0D-9627-4188-8D8C-E559A3DF61F8}"
EndProject
Project("{9A19103F-16F7-4668-BE54-9A1E7A4F7556}") = "R5T.F0124", "..\..\..\SafetyCone\R5T.F0124\source\R5T.F0124\R5T.F0124.csproj", "{956B4FAE-E496-4D44-8AB7-9F8AD6841441}"
EndProject
Project("{9A19103F-16F7-4668-BE54-9A1E7A4F7556}") = "R5T.F0125", "..\..\..\SafetyCone\R5T.F0125\source\R5T.F0125\R5T.F0125.csproj", "{C9532EAF-FF72-40D1-9CFC-E0656E667976}"
EndProject
Project("{9A19103F-16F7-4668-BE54-9A1E7A4F7556}") = "R5T.L0030.T000", "..\..\..\SafetyCone\R5T.L0030\source\R5T.L0030.T000\R5T.L0030.T000.csproj", "{6F263AD7-D5FB-44E9-BBE7-9007F9735B9A}"
EndProject
Project("{9A19103F-16F7-4668-BE54-9A1E7A4F7556}") = "R5T.L0030", "..\..\..\SafetyCone\R5T.L0030\source\R5T.L0030\R5T.L0030.csproj", "{E9D81CC9-5024-4E1C-8CF2-F8974CBA1429}"
EndProject
Project("{9A19103F-16F7-4668-BE54-9A1E7A4F7556}") = "R5T.L0034", "..\..\..\SafetyCone\R5T.L0034\source\R5T.L0034\R5T.L0034.csproj", "{DB59FB7F-8738-4ACD-9AF1-D4588B1F7086}"
EndProject
Project("{9A19103F-16F7-4668-BE54-9A1E7A4F7556}") = "R5T.L0035", "..\..\..\SafetyCone\R5T.L0035\source\R5T.L0035\R5T.L0035.csproj", "{D27A3799-1478-4E6C-85AB-FC463CA0701E}"
EndProject
Project("{9A19103F-16F7-4668-BE54-9A1E7A4F7556}") = "R5T.L0053", "..\..\..\SafetyCone\R5T.L0053\source\R5T.L0053\R5T.L0053.csproj", "{5A4CE35C-CDCF-46D4-9276-195FC1A578F2}"
EndProject
Project("{9A19103F-16F7-4668-BE54-9A1E7A4F7556}") = "R5T.L0056", "..\..\..\SafetyCone\R5T.L0056\source\R5T.L0056\R5T.L0056.csproj", "{5EA7CB18-210E-42B1-8CA6-0B1ECA19BCFE}"
EndProject
Project("{9A19103F-16F7-4668-BE54-9A1E7A4F7556}") = "R5T.L0066", "..\..\..\SafetyCone\R5T.L0066\source\R5T.L0066\R5T.L0066.csproj", "{5F4DEC62-C1FB-4F36-B022-5F64F44A5D93}"
EndProject
Project("{9A19103F-16F7-4668-BE54-9A1E7A4F7556}") = "R5T.L0071", "..\..\..\SafetyCone\R5T.L0071\source\R5T.L0071\R5T.L0071.csproj", "{80703638-4658-40E4-B940-AD99125F7E26}"
EndProject
Project("{9A19103F-16F7-4668-BE54-9A1E7A4F7556}") = "R5T.L0074", "..\..\..\SafetyCone\R5T.L0074\source\R5T.L0074\R5T.L0074.csproj", "{3B219596-0BB9-493C-9F08-AC31628BA4B8}"
EndProject
Project("{9A19103F-16F7-4668-BE54-9A1E7A4F7556}") = "R5T.L0089.F000", "..\..\..\SafetyCone\R5T.L0089\source\R5T.L0089.F000\R5T.L0089.F000.csproj", "{58AE63D1-E755-4B54-902C-89D8EDD22058}"
EndProject
Project("{9A19103F-16F7-4668-BE54-9A1E7A4F7556}") = "R5T.L0089.T000", "..\..\..\SafetyCone\R5T.L0089\source\R5T.L0089.T000\R5T.L0089.T000.csproj", "{74B84E2A-A6A0-4ADA-B892-EABC4B452794}"
EndProject
Project("{9A19103F-16F7-4668-BE54-9A1E7A4F7556}") = "R5T.L0089", "..\..\..\SafetyCone\R5T.L0089\source\R5T.L0089\R5T.L0089.csproj", "{4805D48E-C483-4F79-B638-627C42A83AC0}"
EndProject
Project("{9A19103F-16F7-4668-BE54-9A1E7A4F7556}") = "R5T.NG0006", "..\..\..\SafetyCone\R5T.NG0006\source\R5T.NG0006\R5T.NG0006.csproj", "{EF7F6FEA-DF19-4385-8604-D9B1B62330BA}"
EndProject
Project("{9A19103F-16F7-4668-BE54-9A1E7A4F7556}") = "R5T.NG0022", "..\..\..\SafetyCone\R5T.NG0022\source\R5T.NG0022\R5T.NG0022.csproj", "{D9244430-2591-4575-B9AB-BA3C20515C9D}"
EndProject
Project("{9A19103F-16F7-4668-BE54-9A1E7A4F7556}") = "R5T.T0131", "..\..\..\SafetyCone\R5T.T0131\source\R5T.T0131\R5T.T0131.csproj", "{848CF57D-0A78-4360-9B5D-092F54AD68BD}"
EndProject
Project("{9A19103F-16F7-4668-BE54-9A1E7A4F7556}") = "R5T.T0132", "..\..\..\SafetyCone\R5T.T0132\source\R5T.T0132\R5T.T0132.csproj", "{5C65F7E7-A57D-4EEF-AE43-B177A2B14855}"
EndProject
Project("{9A19103F-16F7-4668-BE54-9A1E7A4F7556}") = "R5T.T0142", "..\..\..\SafetyCone\R5T.T0142\source\R5T.T0142\R5T.T0142.csproj", "{9FE1238A-A705-445F-8599-483E8526F776}"
EndProject
Project("{9A19103F-16F7-4668-BE54-9A1E7A4F7556}") = "R5T.T0143", "..\..\..\SafetyCone\R5T.T0143\source\R5T.T0143\R5T.T0143.csproj", "{61D3F4EE-0567-4F3D-91A9-033F3C82D21B}"
EndProject
Project("{9A19103F-16F7-4668-BE54-9A1E7A4F7556}") = "R5T.T0150", "..\..\..\SafetyCone\R5T.T0150\source\R5T.T0150\R5T.T0150.csproj", "{D23E23B3-CD1B-4A84-B585-5CEF77082DBD}"
EndProject
Project("{9A19103F-16F7-4668-BE54-9A1E7A4F7556}") = "R5T.T0151", "..\..\..\SafetyCone\R5T.T0151\source\R5T.T0151\R5T.T0151.csproj", "{496491FB-59E8-4FB9-800A-B38D69AC41FC}"
EndProject
Project("{9A19103F-16F7-4668-BE54-9A1E7A4F7556}") = "R5T.T0156", "..\..\..\SafetyCone\R5T.T0156\source\R5T.T0156\R5T.T0156.csproj", "{808C2680-2265-4763-B7D6-781B235B5B11}"
EndProject
Project("{9A19103F-16F7-4668-BE54-9A1E7A4F7556}") = "R5T.T0158", "..\..\..\SafetyCone\R5T.T0158\source\R5T.T0158\R5T.T0158.csproj", "{54A7E716-8251-4CEF-89A9-2D1188B5809D}"
EndProject
Project("{9A19103F-16F7-4668-BE54-9A1E7A4F7556}") = "R5T.T0159", "..\..\..\SafetyCone\R5T.T0159\source\R5T.T0159\R5T.T0159.csproj", "{65FD2C50-3194-4DAC-9829-64C1352F88A3}"
EndProject
Project("{9A19103F-16F7-4668-BE54-9A1E7A4F7556}") = "R5T.T0172", "..\..\..\SafetyCone\R5T.T0172\source\R5T.T0172\R5T.T0172.csproj", "{9CA24C1E-55EE-40AB-9C9C-03239E29EED8}"
EndProject
Project("{9A19103F-16F7-4668-BE54-9A1E7A4F7556}") = "R5T.T0174", "..\..\..\SafetyCone\R5T.T0174\source\R5T.T0174\R5T.T0174.csproj", "{DBCCEDB5-878A-4CF0-9801-9B4DADC3EDF2}"
EndProject
Project("{9A19103F-16F7-4668-BE54-9A1E7A4F7556}") = "R5T.T0176", "..\..\..\SafetyCone\R5T.T0176\source\R5T.T0176\R5T.T0176.csproj", "{0985838F-ED12-4C00-8C17-1A713BB6D81D}"
EndProject
Project("{9A19103F-16F7-4668-BE54-9A1E7A4F7556}") = "R5T.T0177", "..\..\..\SafetyCone\R5T.T0177\source\R5T.T0177\R5T.T0177.csproj", "{8CC33F9D-E32F-4E3F-99E6-FC3604E4792B}"
EndProject
Project("{9A19103F-16F7-4668-BE54-9A1E7A4F7556}") = "R5T.T0178", "..\..\..\SafetyCone\R5T.T0178\source\R5T.T0178\R5T.T0178.csproj", "{7EDADA75-72FD-4F08-BF05-BA8D2A020635}"
EndProject
Project("{9A19103F-16F7-4668-BE54-9A1E7A4F7556}") = "R5T.T0179", "..\..\..\SafetyCone\R5T.T0179\source\R5T.T0179\R5T.T0179.csproj", "{DDB87FCB-0B8D-43DD-8A91-787067BE8CB1}"
EndProject
Project("{9A19103F-16F7-4668-BE54-9A1E7A4F7556}") = "R5T.T0180", "..\..\..\SafetyCone\R5T.T0180\source\R5T.T0180\R5T.T0180.csproj", "{CB84FE22-FF2B-4813-A647-2E0EF3291327}"
EndProject
Project("{9A19103F-16F7-4668-BE54-9A1E7A4F7556}") = "R5T.T0181", "..\..\..\SafetyCone\R5T.T0181\source\R5T.T0181\R5T.T0181.csproj", "{D04546EA-512A-479C-AA04-91F828A7A9C0}"
EndProject
Project("{9A19103F-16F7-4668-BE54-9A1E7A4F7556}") = "R5T.T0185", "..\..\..\SafetyCone\R5T.T0185\source\R5T.T0185\R5T.T0185.csproj", "{CC49B49E-94F0-405B-BE64-3AC7D29117CE}"
EndProject
Project("{9A19103F-16F7-4668-BE54-9A1E7A4F7556}") = "R5T.T0199.T000", "..\..\..\SafetyCone\R5T.T0199\source\R5T.T0199.T000\R5T.T0199.T000.csproj", "{301BEC4A-3741-412D-BBD3-55B3DC01A4F4}"
EndProject
Project("{9A19103F-16F7-4668-BE54-9A1E7A4F7556}") = "R5T.T0199.T001", "..\..\..\SafetyCone\R5T.T0199\source\R5T.T0199.T001\R5T.T0199.T001.csproj", "{BD5A4275-4560-40A3-817B-093BA329D01F}"
EndProject
Project("{9A19103F-16F7-4668-BE54-9A1E7A4F7556}") = "R5T.T0199", "..\..\..\SafetyCone\R5T.T0199\source\R5T.T0199\R5T.T0199.csproj", "{66470603-2637-49DB-B25F-AEA9F89E5662}"
EndProject
Project("{9A19103F-16F7-4668-BE54-9A1E7A4F7556}") = "R5T.T0203", "..\..\..\SafetyCone\R5T.T0203\source\R5T.T0203\R5T.T0203.csproj", "{331651A3-B204-4D36-BBE6-95CCB0B5668B}"
EndProject
Project("{9A19103F-16F7-4668-BE54-9A1E7A4F7556}") = "R5T.T0213", "..\..\..\SafetyCone\R5T.T0213\source\R5T.T0213\R5T.T0213.csproj", "{F0B85C4C-612C-4EFF-96BF-0CF946330C94}"
EndProject
Project("{9A19103F-16F7-4668-BE54-9A1E7A4F7556}") = "R5T.T0218", "..\..\..\SafetyCone\R5T.T0218\source\R5T.T0218\R5T.T0218.csproj", "{1E6119CA-21AB-472A-806D-BBE0483BA59A}"
EndProject
Project("{9A19103F-16F7-4668-BE54-9A1E7A4F7556}") = "R5T.T0219", "..\..\..\SafetyCone\R5T.T0219\source\R5T.T0219\R5T.T0219.csproj", "{48F87CE9-8FCB-442B-8493-DE3E04CAEF49}"
EndProject
Project("{9A19103F-16F7-4668-BE54-9A1E7A4F7556}") = "R5T.T0220", "..\..\..\SafetyCone\R5T.T0220\source\R5T.T0220\R5T.T0220.csproj", "{7F9BDCC7-97BE-49C0-868A-79EE63B1E4E9}"
EndProject
Project("{9A19103F-16F7-4668-BE54-9A1E7A4F7556}") = "R5T.T0221", "..\..\..\SafetyCone\R5T.T0221\source\R5T.T0221\R5T.T0221.csproj", "{2A6D0FE0-13D1-4467-8BDA-9C7E005BF08C}"
EndProject
Project("{9A19103F-16F7-4668-BE54-9A1E7A4F7556}") = "R5T.T0227", "..\..\..\SafetyCone\R5T.T0227\source\R5T.T0227\R5T.T0227.csproj", "{33714165-1784-495F-AA27-8D3DE95D3D0B}"
EndProject
Project("{9A19103F-16F7-4668-BE54-9A1E7A4F7556}") = "R5T.T0241", "..\..\..\SafetyCone\R5T.T0241\source\R5T.T0241\R5T.T0241.csproj", "{C697C908-DD3B-479D-8024-CC113DCDCAA0}"
EndProject
Project("{9A19103F-16F7-4668-BE54-9A1E7A4F7556}") = "R5T.T0252", "..\..\..\SafetyCone\R5T.T0252\source\R5T.T0252\R5T.T0252.csproj", "{FA8896B8-5A18-43F7-9C11-59104EAD1E61}"
EndProject
Project("{9A19103F-16F7-4668-BE54-9A1E7A4F7556}") = "R5T.Y0000", "..\..\..\SafetyCone\R5T.Y0000\source\R5T.Y0000\R5T.Y0000.csproj", "{E7A0BB82-B26C-42DE-B68F-1BA19EC33ECB}"
EndProject
Project("{9A19103F-16F7-4668-BE54-9A1E7A4F7556}") = "R5T.Y0006", "..\..\..\SafetyCone\R5T.Y0006\source\R5T.Y0006\R5T.Y0006.csproj", "{0E509657-180E-4C4A-9320-2888454C9CF5}"
EndProject
Project("{9A19103F-16F7-4668-BE54-9A1E7A4F7556}") = "R5T.Z0000", "..\..\..\SafetyCone\R5T.Z0000\source\R5T.Z0000\R5T.Z0000.csproj", "{142D2D14-62E1-48B6-92BD-B2CB9B143452}"
EndProject
Project("{9A19103F-16F7-4668-BE54-9A1E7A4F7556}") = "R5T.Z0057.Platform", "..\..\..\SafetyCone\R5T.Z0057\source\R5T.Z0057.Platform\R5T.Z0057.Platform.csproj", "{785431C2-13DF-4C55-9E7F-EE6EDC1DC50F}"
EndProject
Project("{9A19103F-16F7-4668-BE54-9A1E7A4F7556}") = "R5T.Z0057", "..\..\..\SafetyCone\R5T.Z0057\source\R5T.Z0057\R5T.Z0057.csproj", "{043DCA6A-FF1B-4CD1-94CC-70FC3311C77D}"
EndProject
Project("{9A19103F-16F7-4668-BE54-9A1E7A4F7556}") = "R5T.Z0058", "..\..\..\SafetyCone\R5T.Z0058\source\R5T.Z0058\R5T.Z0058.csproj", "{CA3FB925-74B3-49A0-83BA-50D4FC8AA775}"
EndProject
Project("{9A19103F-16F7-4668-BE54-9A1E7A4F7556}") = "R5T.Z0072.Z000", "..\..\..\SafetyCone\R5T.Z0072\source\R5T.Z0072.Z000\R5T.Z0072.Z000.csproj", "{49227D47-2FA0-43D7-B0C8-5F958DC348E7}"
EndProject
Project("{9A19103F-16F7-4668-BE54-9A1E7A4F7556}") = "R5T.Z0072.Z001", "..\..\..\SafetyCone\R5T.Z0072\source\R5T.Z0072.Z001\R5T.Z0072.Z001.csproj", "{4A5FFA15-C531-4D3A-8676-310AF55265FE}"
EndProject
Project("{9A19103F-16F7-4668-BE54-9A1E7A4F7556}") = "R5T.Z0072.Z002", "..\..\..\SafetyCone\R5T.Z0072\source\R5T.Z0072.Z002\R5T.Z0072.Z002.csproj", "{9C0294F0-8D44-41BA-B211-9FE3F62037EE}"
EndProject
Project("{9A19103F-16F7-4668-BE54-9A1E7A4F7556}") = "R5T.Z0072.Z004", "..\..\..\SafetyCone\R5T.Z0072\source\R5T.Z0072.Z004\R5T.Z0072.Z004.csproj", "{CB25C2F6-452B-4D3C-834B-71AE4CE8A2FD}"
EndProject
Project("{9A19103F-16F7-4668-BE54-9A1E7A4F7556}") = "D8S.L0014.T001", "D8S.L0014.T001\D8S.L0014.T001.csproj", "{758DACDF-5C63-4543-B298-1AC7FF02167D}"
EndProject
Project("{9A19103F-16F7-4668-BE54-9A1E7A4F7556}") = "R5T.T0240", "..\..\..\SafetyCone\R5T.T0240\source\R5T.T0240\R5T.T0240.csproj", "{7349494F-7D36-42A3-8E48-DA0EEA092270}"
EndProject
Global
	GlobalSection(NestedProjects) = preSolution
		{53B5A9AA-8D0C-4121-BB02-B11D6EC5BC38} = {26FDF751-51AA-4EFA-9E63-88D130EE4AA5}
		{8E4E3A2A-17E9-4F79-B6C8-866F02552CF1} = {26FDF751-51AA-4EFA-9E63-88D130EE4AA5}
		{C2DAEB81-574D-45C6-9258-0CA76FD67BC6} = {26FDF751-51AA-4EFA-9E63-88D130EE4AA5}
		{17856B0D-9627-4188-8D8C-E559A3DF61F8} = {26FDF751-51AA-4EFA-9E63-88D130EE4AA5}
		{956B4FAE-E496-4D44-8AB7-9F8AD6841441} = {26FDF751-51AA-4EFA-9E63-88D130EE4AA5}
		{C9532EAF-FF72-40D1-9CFC-E0656E667976} = {26FDF751-51AA-4EFA-9E63-88D130EE4AA5}
		{6F263AD7-D5FB-44E9-BBE7-9007F9735B9A} = {26FDF751-51AA-4EFA-9E63-88D130EE4AA5}
		{E9D81CC9-5024-4E1C-8CF2-F8974CBA1429} = {26FDF751-51AA-4EFA-9E63-88D130EE4AA5}
		{DB59FB7F-8738-4ACD-9AF1-D4588B1F7086} = {26FDF751-51AA-4EFA-9E63-88D130EE4AA5}
		{D27A3799-1478-4E6C-85AB-FC463CA0701E} = {26FDF751-51AA-4EFA-9E63-88D130EE4AA5}
		{5A4CE35C-CDCF-46D4-9276-195FC1A578F2} = {26FDF751-51AA-4EFA-9E63-88D130EE4AA5}
		{5EA7CB18-210E-42B1-8CA6-0B1ECA19BCFE} = {26FDF751-51AA-4EFA-9E63-88D130EE4AA5}
		{5F4DEC62-C1FB-4F36-B022-5F64F44A5D93} = {26FDF751-51AA-4EFA-9E63-88D130EE4AA5}
		{80703638-4658-40E4-B940-AD99125F7E26} = {26FDF751-51AA-4EFA-9E63-88D130EE4AA5}
		{3B219596-0BB9-493C-9F08-AC31628BA4B8} = {26FDF751-51AA-4EFA-9E63-88D130EE4AA5}
		{58AE63D1-E755-4B54-902C-89D8EDD22058} = {26FDF751-51AA-4EFA-9E63-88D130EE4AA5}
		{74B84E2A-A6A0-4ADA-B892-EABC4B452794} = {26FDF751-51AA-4EFA-9E63-88D130EE4AA5}
		{4805D48E-C483-4F79-B638-627C42A83AC0} = {26FDF751-51AA-4EFA-9E63-88D130EE4AA5}
		{EF7F6FEA-DF19-4385-8604-D9B1B62330BA} = {26FDF751-51AA-4EFA-9E63-88D130EE4AA5}
		{D9244430-2591-4575-B9AB-BA3C20515C9D} = {26FDF751-51AA-4EFA-9E63-88D130EE4AA5}
		{848CF57D-0A78-4360-9B5D-092F54AD68BD} = {26FDF751-51AA-4EFA-9E63-88D130EE4AA5}
		{5C65F7E7-A57D-4EEF-AE43-B177A2B14855} = {26FDF751-51AA-4EFA-9E63-88D130EE4AA5}
		{9FE1238A-A705-445F-8599-483E8526F776} = {26FDF751-51AA-4EFA-9E63-88D130EE4AA5}
		{61D3F4EE-0567-4F3D-91A9-033F3C82D21B} = {26FDF751-51AA-4EFA-9E63-88D130EE4AA5}
		{D23E23B3-CD1B-4A84-B585-5CEF77082DBD} = {26FDF751-51AA-4EFA-9E63-88D130EE4AA5}
		{496491FB-59E8-4FB9-800A-B38D69AC41FC} = {26FDF751-51AA-4EFA-9E63-88D130EE4AA5}
		{808C2680-2265-4763-B7D6-781B235B5B11} = {26FDF751-51AA-4EFA-9E63-88D130EE4AA5}
		{54A7E716-8251-4CEF-89A9-2D1188B5809D} = {26FDF751-51AA-4EFA-9E63-88D130EE4AA5}
		{65FD2C50-3194-4DAC-9829-64C1352F88A3} = {26FDF751-51AA-4EFA-9E63-88D130EE4AA5}
		{9CA24C1E-55EE-40AB-9C9C-03239E29EED8} = {26FDF751-51AA-4EFA-9E63-88D130EE4AA5}
		{DBCCEDB5-878A-4CF0-9801-9B4DADC3EDF2} = {26FDF751-51AA-4EFA-9E63-88D130EE4AA5}
		{0985838F-ED12-4C00-8C17-1A713BB6D81D} = {26FDF751-51AA-4EFA-9E63-88D130EE4AA5}
		{8CC33F9D-E32F-4E3F-99E6-FC3604E4792B} = {26FDF751-51AA-4EFA-9E63-88D130EE4AA5}
		{7EDADA75-72FD-4F08-BF05-BA8D2A020635} = {26FDF751-51AA-4EFA-9E63-88D130EE4AA5}
		{DDB87FCB-0B8D-43DD-8A91-787067BE8CB1} = {26FDF751-51AA-4EFA-9E63-88D130EE4AA5}
		{CB84FE22-FF2B-4813-A647-2E0EF3291327} = {26FDF751-51AA-4EFA-9E63-88D130EE4AA5}
		{D04546EA-512A-479C-AA04-91F828A7A9C0} = {26FDF751-51AA-4EFA-9E63-88D130EE4AA5}
		{CC49B49E-94F0-405B-BE64-3AC7D29117CE} = {26FDF751-51AA-4EFA-9E63-88D130EE4AA5}
		{301BEC4A-3741-412D-BBD3-55B3DC01A4F4} = {26FDF751-51AA-4EFA-9E63-88D130EE4AA5}
		{BD5A4275-4560-40A3-817B-093BA329D01F} = {26FDF751-51AA-4EFA-9E63-88D130EE4AA5}
		{66470603-2637-49DB-B25F-AEA9F89E5662} = {26FDF751-51AA-4EFA-9E63-88D130EE4AA5}
		{331651A3-B204-4D36-BBE6-95CCB0B5668B} = {26FDF751-51AA-4EFA-9E63-88D130EE4AA5}
		{F0B85C4C-612C-4EFF-96BF-0CF946330C94} = {26FDF751-51AA-4EFA-9E63-88D130EE4AA5}
		{1E6119CA-21AB-472A-806D-BBE0483BA59A} = {26FDF751-51AA-4EFA-9E63-88D130EE4AA5}
		{48F87CE9-8FCB-442B-8493-DE3E04CAEF49} = {26FDF751-51AA-4EFA-9E63-88D130EE4AA5}
		{7F9BDCC7-97BE-49C0-868A-79EE63B1E4E9} = {26FDF751-51AA-4EFA-9E63-88D130EE4AA5}
		{2A6D0FE0-13D1-4467-8BDA-9C7E005BF08C} = {26FDF751-51AA-4EFA-9E63-88D130EE4AA5}
		{33714165-1784-495F-AA27-8D3DE95D3D0B} = {26FDF751-51AA-4EFA-9E63-88D130EE4AA5}
		{C697C908-DD3B-479D-8024-CC113DCDCAA0} = {26FDF751-51AA-4EFA-9E63-88D130EE4AA5}
		{FA8896B8-5A18-43F7-9C11-59104EAD1E61} = {26FDF751-51AA-4EFA-9E63-88D130EE4AA5}
		{E7A0BB82-B26C-42DE-B68F-1BA19EC33ECB} = {26FDF751-51AA-4EFA-9E63-88D130EE4AA5}
		{0E509657-180E-4C4A-9320-2888454C9CF5} = {26FDF751-51AA-4EFA-9E63-88D130EE4AA5}
		{142D2D14-62E1-48B6-92BD-B2CB9B143452} = {26FDF751-51AA-4EFA-9E63-88D130EE4AA5}
		{785431C2-13DF-4C55-9E7F-EE6EDC1DC50F} = {26FDF751-51AA-4EFA-9E63-88D130EE4AA5}
		{043DCA6A-FF1B-4CD1-94CC-70FC3311C77D} = {26FDF751-51AA-4EFA-9E63-88D130EE4AA5}
		{CA3FB925-74B3-49A0-83BA-50D4FC8AA775} = {26FDF751-51AA-4EFA-9E63-88D130EE4AA5}
		{49227D47-2FA0-43D7-B0C8-5F958DC348E7} = {26FDF751-51AA-4EFA-9E63-88D130EE4AA5}
		{4A5FFA15-C531-4D3A-8676-310AF55265FE} = {26FDF751-51AA-4EFA-9E63-88D130EE4AA5}
		{9C0294F0-8D44-41BA-B211-9FE3F62037EE} = {26FDF751-51AA-4EFA-9E63-88D130EE4AA5}
		{CB25C2F6-452B-4D3C-834B-71AE4CE8A2FD} = {26FDF751-51AA-4EFA-9E63-88D130EE4AA5}
		{7349494F-7D36-42A3-8E48-DA0EEA092270} = {26FDF751-51AA-4EFA-9E63-88D130EE4AA5}
	EndGlobalSection
	GlobalSection(SolutionConfigurationPlatforms) = preSolution
		Debug|Any CPU = Debug|Any CPU
		Release|Any CPU = Release|Any CPU
	EndGlobalSection
	GlobalSection(ProjectConfigurationPlatforms) = postSolution
		{309BBBE1-9045-49A5-9F08-BD93568CE030}.Debug|Any CPU.ActiveCfg = Debug|Any CPU
		{309BBBE1-9045-49A5-9F08-BD93568CE030}.Debug|Any CPU.Build.0 = Debug|Any CPU
		{309BBBE1-9045-49A5-9F08-BD93568CE030}.Release|Any CPU.ActiveCfg = Release|Any CPU
		{309BBBE1-9045-49A5-9F08-BD93568CE030}.Release|Any CPU.Build.0 = Release|Any CPU
		{20EEACDF-7CB4-4B7F-8ACF-BABBC5EF286F}.Debug|Any CPU.ActiveCfg = Debug|Any CPU
		{20EEACDF-7CB4-4B7F-8ACF-BABBC5EF286F}.Debug|Any CPU.Build.0 = Debug|Any CPU
		{20EEACDF-7CB4-4B7F-8ACF-BABBC5EF286F}.Release|Any CPU.ActiveCfg = Release|Any CPU
		{20EEACDF-7CB4-4B7F-8ACF-BABBC5EF286F}.Release|Any CPU.Build.0 = Release|Any CPU
		{E30A905B-53D6-4392-9FF7-9A829E382AB0}.Debug|Any CPU.ActiveCfg = Debug|Any CPU
		{E30A905B-53D6-4392-9FF7-9A829E382AB0}.Debug|Any CPU.Build.0 = Debug|Any CPU
		{E30A905B-53D6-4392-9FF7-9A829E382AB0}.Release|Any CPU.ActiveCfg = Release|Any CPU
		{E30A905B-53D6-4392-9FF7-9A829E382AB0}.Release|Any CPU.Build.0 = Release|Any CPU
		{53B5A9AA-8D0C-4121-BB02-B11D6EC5BC38}.Debug|Any CPU.ActiveCfg = Debug|Any CPU
		{53B5A9AA-8D0C-4121-BB02-B11D6EC5BC38}.Debug|Any CPU.Build.0 = Debug|Any CPU
		{53B5A9AA-8D0C-4121-BB02-B11D6EC5BC38}.Release|Any CPU.ActiveCfg = Release|Any CPU
		{53B5A9AA-8D0C-4121-BB02-B11D6EC5BC38}.Release|Any CPU.Build.0 = Release|Any CPU
		{8E4E3A2A-17E9-4F79-B6C8-866F02552CF1}.Debug|Any CPU.ActiveCfg = Debug|Any CPU
		{8E4E3A2A-17E9-4F79-B6C8-866F02552CF1}.Debug|Any CPU.Build.0 = Debug|Any CPU
		{8E4E3A2A-17E9-4F79-B6C8-866F02552CF1}.Release|Any CPU.ActiveCfg = Release|Any CPU
		{8E4E3A2A-17E9-4F79-B6C8-866F02552CF1}.Release|Any CPU.Build.0 = Release|Any CPU
		{C2DAEB81-574D-45C6-9258-0CA76FD67BC6}.Debug|Any CPU.ActiveCfg = Debug|Any CPU
		{C2DAEB81-574D-45C6-9258-0CA76FD67BC6}.Debug|Any CPU.Build.0 = Debug|Any CPU
		{C2DAEB81-574D-45C6-9258-0CA76FD67BC6}.Release|Any CPU.ActiveCfg = Release|Any CPU
		{C2DAEB81-574D-45C6-9258-0CA76FD67BC6}.Release|Any CPU.Build.0 = Release|Any CPU
		{17856B0D-9627-4188-8D8C-E559A3DF61F8}.Debug|Any CPU.ActiveCfg = Debug|Any CPU
		{17856B0D-9627-4188-8D8C-E559A3DF61F8}.Debug|Any CPU.Build.0 = Debug|Any CPU
		{17856B0D-9627-4188-8D8C-E559A3DF61F8}.Release|Any CPU.ActiveCfg = Release|Any CPU
		{17856B0D-9627-4188-8D8C-E559A3DF61F8}.Release|Any CPU.Build.0 = Release|Any CPU
		{956B4FAE-E496-4D44-8AB7-9F8AD6841441}.Debug|Any CPU.ActiveCfg = Debug|Any CPU
		{956B4FAE-E496-4D44-8AB7-9F8AD6841441}.Debug|Any CPU.Build.0 = Debug|Any CPU
		{956B4FAE-E496-4D44-8AB7-9F8AD6841441}.Release|Any CPU.ActiveCfg = Release|Any CPU
		{956B4FAE-E496-4D44-8AB7-9F8AD6841441}.Release|Any CPU.Build.0 = Release|Any CPU
		{C9532EAF-FF72-40D1-9CFC-E0656E667976}.Debug|Any CPU.ActiveCfg = Debug|Any CPU
		{C9532EAF-FF72-40D1-9CFC-E0656E667976}.Debug|Any CPU.Build.0 = Debug|Any CPU
		{C9532EAF-FF72-40D1-9CFC-E0656E667976}.Release|Any CPU.ActiveCfg = Release|Any CPU
		{C9532EAF-FF72-40D1-9CFC-E0656E667976}.Release|Any CPU.Build.0 = Release|Any CPU
		{6F263AD7-D5FB-44E9-BBE7-9007F9735B9A}.Debug|Any CPU.ActiveCfg = Debug|Any CPU
		{6F263AD7-D5FB-44E9-BBE7-9007F9735B9A}.Debug|Any CPU.Build.0 = Debug|Any CPU
		{6F263AD7-D5FB-44E9-BBE7-9007F9735B9A}.Release|Any CPU.ActiveCfg = Release|Any CPU
		{6F263AD7-D5FB-44E9-BBE7-9007F9735B9A}.Release|Any CPU.Build.0 = Release|Any CPU
		{E9D81CC9-5024-4E1C-8CF2-F8974CBA1429}.Debug|Any CPU.ActiveCfg = Debug|Any CPU
		{E9D81CC9-5024-4E1C-8CF2-F8974CBA1429}.Debug|Any CPU.Build.0 = Debug|Any CPU
		{E9D81CC9-5024-4E1C-8CF2-F8974CBA1429}.Release|Any CPU.ActiveCfg = Release|Any CPU
		{E9D81CC9-5024-4E1C-8CF2-F8974CBA1429}.Release|Any CPU.Build.0 = Release|Any CPU
		{DB59FB7F-8738-4ACD-9AF1-D4588B1F7086}.Debug|Any CPU.ActiveCfg = Debug|Any CPU
		{DB59FB7F-8738-4ACD-9AF1-D4588B1F7086}.Debug|Any CPU.Build.0 = Debug|Any CPU
		{DB59FB7F-8738-4ACD-9AF1-D4588B1F7086}.Release|Any CPU.ActiveCfg = Release|Any CPU
		{DB59FB7F-8738-4ACD-9AF1-D4588B1F7086}.Release|Any CPU.Build.0 = Release|Any CPU
		{D27A3799-1478-4E6C-85AB-FC463CA0701E}.Debug|Any CPU.ActiveCfg = Debug|Any CPU
		{D27A3799-1478-4E6C-85AB-FC463CA0701E}.Debug|Any CPU.Build.0 = Debug|Any CPU
		{D27A3799-1478-4E6C-85AB-FC463CA0701E}.Release|Any CPU.ActiveCfg = Release|Any CPU
		{D27A3799-1478-4E6C-85AB-FC463CA0701E}.Release|Any CPU.Build.0 = Release|Any CPU
		{5A4CE35C-CDCF-46D4-9276-195FC1A578F2}.Debug|Any CPU.ActiveCfg = Debug|Any CPU
		{5A4CE35C-CDCF-46D4-9276-195FC1A578F2}.Debug|Any CPU.Build.0 = Debug|Any CPU
		{5A4CE35C-CDCF-46D4-9276-195FC1A578F2}.Release|Any CPU.ActiveCfg = Release|Any CPU
		{5A4CE35C-CDCF-46D4-9276-195FC1A578F2}.Release|Any CPU.Build.0 = Release|Any CPU
		{5EA7CB18-210E-42B1-8CA6-0B1ECA19BCFE}.Debug|Any CPU.ActiveCfg = Debug|Any CPU
		{5EA7CB18-210E-42B1-8CA6-0B1ECA19BCFE}.Debug|Any CPU.Build.0 = Debug|Any CPU
		{5EA7CB18-210E-42B1-8CA6-0B1ECA19BCFE}.Release|Any CPU.ActiveCfg = Release|Any CPU
		{5EA7CB18-210E-42B1-8CA6-0B1ECA19BCFE}.Release|Any CPU.Build.0 = Release|Any CPU
		{5F4DEC62-C1FB-4F36-B022-5F64F44A5D93}.Debug|Any CPU.ActiveCfg = Debug|Any CPU
		{5F4DEC62-C1FB-4F36-B022-5F64F44A5D93}.Debug|Any CPU.Build.0 = Debug|Any CPU
		{5F4DEC62-C1FB-4F36-B022-5F64F44A5D93}.Release|Any CPU.ActiveCfg = Release|Any CPU
		{5F4DEC62-C1FB-4F36-B022-5F64F44A5D93}.Release|Any CPU.Build.0 = Release|Any CPU
		{80703638-4658-40E4-B940-AD99125F7E26}.Debug|Any CPU.ActiveCfg = Debug|Any CPU
		{80703638-4658-40E4-B940-AD99125F7E26}.Debug|Any CPU.Build.0 = Debug|Any CPU
		{80703638-4658-40E4-B940-AD99125F7E26}.Release|Any CPU.ActiveCfg = Release|Any CPU
		{80703638-4658-40E4-B940-AD99125F7E26}.Release|Any CPU.Build.0 = Release|Any CPU
		{3B219596-0BB9-493C-9F08-AC31628BA4B8}.Debug|Any CPU.ActiveCfg = Debug|Any CPU
		{3B219596-0BB9-493C-9F08-AC31628BA4B8}.Debug|Any CPU.Build.0 = Debug|Any CPU
		{3B219596-0BB9-493C-9F08-AC31628BA4B8}.Release|Any CPU.ActiveCfg = Release|Any CPU
		{3B219596-0BB9-493C-9F08-AC31628BA4B8}.Release|Any CPU.Build.0 = Release|Any CPU
		{58AE63D1-E755-4B54-902C-89D8EDD22058}.Debug|Any CPU.ActiveCfg = Debug|Any CPU
		{58AE63D1-E755-4B54-902C-89D8EDD22058}.Debug|Any CPU.Build.0 = Debug|Any CPU
		{58AE63D1-E755-4B54-902C-89D8EDD22058}.Release|Any CPU.ActiveCfg = Release|Any CPU
		{58AE63D1-E755-4B54-902C-89D8EDD22058}.Release|Any CPU.Build.0 = Release|Any CPU
		{74B84E2A-A6A0-4ADA-B892-EABC4B452794}.Debug|Any CPU.ActiveCfg = Debug|Any CPU
		{74B84E2A-A6A0-4ADA-B892-EABC4B452794}.Debug|Any CPU.Build.0 = Debug|Any CPU
		{74B84E2A-A6A0-4ADA-B892-EABC4B452794}.Release|Any CPU.ActiveCfg = Release|Any CPU
		{74B84E2A-A6A0-4ADA-B892-EABC4B452794}.Release|Any CPU.Build.0 = Release|Any CPU
		{4805D48E-C483-4F79-B638-627C42A83AC0}.Debug|Any CPU.ActiveCfg = Debug|Any CPU
		{4805D48E-C483-4F79-B638-627C42A83AC0}.Debug|Any CPU.Build.0 = Debug|Any CPU
		{4805D48E-C483-4F79-B638-627C42A83AC0}.Release|Any CPU.ActiveCfg = Release|Any CPU
		{4805D48E-C483-4F79-B638-627C42A83AC0}.Release|Any CPU.Build.0 = Release|Any CPU
		{EF7F6FEA-DF19-4385-8604-D9B1B62330BA}.Debug|Any CPU.ActiveCfg = Debug|Any CPU
		{EF7F6FEA-DF19-4385-8604-D9B1B62330BA}.Debug|Any CPU.Build.0 = Debug|Any CPU
		{EF7F6FEA-DF19-4385-8604-D9B1B62330BA}.Release|Any CPU.ActiveCfg = Release|Any CPU
		{EF7F6FEA-DF19-4385-8604-D9B1B62330BA}.Release|Any CPU.Build.0 = Release|Any CPU
		{D9244430-2591-4575-B9AB-BA3C20515C9D}.Debug|Any CPU.ActiveCfg = Debug|Any CPU
		{D9244430-2591-4575-B9AB-BA3C20515C9D}.Debug|Any CPU.Build.0 = Debug|Any CPU
		{D9244430-2591-4575-B9AB-BA3C20515C9D}.Release|Any CPU.ActiveCfg = Release|Any CPU
		{D9244430-2591-4575-B9AB-BA3C20515C9D}.Release|Any CPU.Build.0 = Release|Any CPU
		{848CF57D-0A78-4360-9B5D-092F54AD68BD}.Debug|Any CPU.ActiveCfg = Debug|Any CPU
		{848CF57D-0A78-4360-9B5D-092F54AD68BD}.Debug|Any CPU.Build.0 = Debug|Any CPU
		{848CF57D-0A78-4360-9B5D-092F54AD68BD}.Release|Any CPU.ActiveCfg = Release|Any CPU
		{848CF57D-0A78-4360-9B5D-092F54AD68BD}.Release|Any CPU.Build.0 = Release|Any CPU
		{5C65F7E7-A57D-4EEF-AE43-B177A2B14855}.Debug|Any CPU.ActiveCfg = Debug|Any CPU
		{5C65F7E7-A57D-4EEF-AE43-B177A2B14855}.Debug|Any CPU.Build.0 = Debug|Any CPU
		{5C65F7E7-A57D-4EEF-AE43-B177A2B14855}.Release|Any CPU.ActiveCfg = Release|Any CPU
		{5C65F7E7-A57D-4EEF-AE43-B177A2B14855}.Release|Any CPU.Build.0 = Release|Any CPU
		{9FE1238A-A705-445F-8599-483E8526F776}.Debug|Any CPU.ActiveCfg = Debug|Any CPU
		{9FE1238A-A705-445F-8599-483E8526F776}.Debug|Any CPU.Build.0 = Debug|Any CPU
		{9FE1238A-A705-445F-8599-483E8526F776}.Release|Any CPU.ActiveCfg = Release|Any CPU
		{9FE1238A-A705-445F-8599-483E8526F776}.Release|Any CPU.Build.0 = Release|Any CPU
		{61D3F4EE-0567-4F3D-91A9-033F3C82D21B}.Debug|Any CPU.ActiveCfg = Debug|Any CPU
		{61D3F4EE-0567-4F3D-91A9-033F3C82D21B}.Debug|Any CPU.Build.0 = Debug|Any CPU
		{61D3F4EE-0567-4F3D-91A9-033F3C82D21B}.Release|Any CPU.ActiveCfg = Release|Any CPU
		{61D3F4EE-0567-4F3D-91A9-033F3C82D21B}.Release|Any CPU.Build.0 = Release|Any CPU
		{D23E23B3-CD1B-4A84-B585-5CEF77082DBD}.Debug|Any CPU.ActiveCfg = Debug|Any CPU
		{D23E23B3-CD1B-4A84-B585-5CEF77082DBD}.Debug|Any CPU.Build.0 = Debug|Any CPU
		{D23E23B3-CD1B-4A84-B585-5CEF77082DBD}.Release|Any CPU.ActiveCfg = Release|Any CPU
		{D23E23B3-CD1B-4A84-B585-5CEF77082DBD}.Release|Any CPU.Build.0 = Release|Any CPU
		{496491FB-59E8-4FB9-800A-B38D69AC41FC}.Debug|Any CPU.ActiveCfg = Debug|Any CPU
		{496491FB-59E8-4FB9-800A-B38D69AC41FC}.Debug|Any CPU.Build.0 = Debug|Any CPU
		{496491FB-59E8-4FB9-800A-B38D69AC41FC}.Release|Any CPU.ActiveCfg = Release|Any CPU
		{496491FB-59E8-4FB9-800A-B38D69AC41FC}.Release|Any CPU.Build.0 = Release|Any CPU
		{808C2680-2265-4763-B7D6-781B235B5B11}.Debug|Any CPU.ActiveCfg = Debug|Any CPU
		{808C2680-2265-4763-B7D6-781B235B5B11}.Debug|Any CPU.Build.0 = Debug|Any CPU
		{808C2680-2265-4763-B7D6-781B235B5B11}.Release|Any CPU.ActiveCfg = Release|Any CPU
		{808C2680-2265-4763-B7D6-781B235B5B11}.Release|Any CPU.Build.0 = Release|Any CPU
		{54A7E716-8251-4CEF-89A9-2D1188B5809D}.Debug|Any CPU.ActiveCfg = Debug|Any CPU
		{54A7E716-8251-4CEF-89A9-2D1188B5809D}.Debug|Any CPU.Build.0 = Debug|Any CPU
		{54A7E716-8251-4CEF-89A9-2D1188B5809D}.Release|Any CPU.ActiveCfg = Release|Any CPU
		{54A7E716-8251-4CEF-89A9-2D1188B5809D}.Release|Any CPU.Build.0 = Release|Any CPU
		{65FD2C50-3194-4DAC-9829-64C1352F88A3}.Debug|Any CPU.ActiveCfg = Debug|Any CPU
		{65FD2C50-3194-4DAC-9829-64C1352F88A3}.Debug|Any CPU.Build.0 = Debug|Any CPU
		{65FD2C50-3194-4DAC-9829-64C1352F88A3}.Release|Any CPU.ActiveCfg = Release|Any CPU
		{65FD2C50-3194-4DAC-9829-64C1352F88A3}.Release|Any CPU.Build.0 = Release|Any CPU
		{9CA24C1E-55EE-40AB-9C9C-03239E29EED8}.Debug|Any CPU.ActiveCfg = Debug|Any CPU
		{9CA24C1E-55EE-40AB-9C9C-03239E29EED8}.Debug|Any CPU.Build.0 = Debug|Any CPU
		{9CA24C1E-55EE-40AB-9C9C-03239E29EED8}.Release|Any CPU.ActiveCfg = Release|Any CPU
		{9CA24C1E-55EE-40AB-9C9C-03239E29EED8}.Release|Any CPU.Build.0 = Release|Any CPU
		{DBCCEDB5-878A-4CF0-9801-9B4DADC3EDF2}.Debug|Any CPU.ActiveCfg = Debug|Any CPU
		{DBCCEDB5-878A-4CF0-9801-9B4DADC3EDF2}.Debug|Any CPU.Build.0 = Debug|Any CPU
		{DBCCEDB5-878A-4CF0-9801-9B4DADC3EDF2}.Release|Any CPU.ActiveCfg = Release|Any CPU
		{DBCCEDB5-878A-4CF0-9801-9B4DADC3EDF2}.Release|Any CPU.Build.0 = Release|Any CPU
		{0985838F-ED12-4C00-8C17-1A713BB6D81D}.Debug|Any CPU.ActiveCfg = Debug|Any CPU
		{0985838F-ED12-4C00-8C17-1A713BB6D81D}.Debug|Any CPU.Build.0 = Debug|Any CPU
		{0985838F-ED12-4C00-8C17-1A713BB6D81D}.Release|Any CPU.ActiveCfg = Release|Any CPU
		{0985838F-ED12-4C00-8C17-1A713BB6D81D}.Release|Any CPU.Build.0 = Release|Any CPU
		{8CC33F9D-E32F-4E3F-99E6-FC3604E4792B}.Debug|Any CPU.ActiveCfg = Debug|Any CPU
		{8CC33F9D-E32F-4E3F-99E6-FC3604E4792B}.Debug|Any CPU.Build.0 = Debug|Any CPU
		{8CC33F9D-E32F-4E3F-99E6-FC3604E4792B}.Release|Any CPU.ActiveCfg = Release|Any CPU
		{8CC33F9D-E32F-4E3F-99E6-FC3604E4792B}.Release|Any CPU.Build.0 = Release|Any CPU
		{7EDADA75-72FD-4F08-BF05-BA8D2A020635}.Debug|Any CPU.ActiveCfg = Debug|Any CPU
		{7EDADA75-72FD-4F08-BF05-BA8D2A020635}.Debug|Any CPU.Build.0 = Debug|Any CPU
		{7EDADA75-72FD-4F08-BF05-BA8D2A020635}.Release|Any CPU.ActiveCfg = Release|Any CPU
		{7EDADA75-72FD-4F08-BF05-BA8D2A020635}.Release|Any CPU.Build.0 = Release|Any CPU
		{DDB87FCB-0B8D-43DD-8A91-787067BE8CB1}.Debug|Any CPU.ActiveCfg = Debug|Any CPU
		{DDB87FCB-0B8D-43DD-8A91-787067BE8CB1}.Debug|Any CPU.Build.0 = Debug|Any CPU
		{DDB87FCB-0B8D-43DD-8A91-787067BE8CB1}.Release|Any CPU.ActiveCfg = Release|Any CPU
		{DDB87FCB-0B8D-43DD-8A91-787067BE8CB1}.Release|Any CPU.Build.0 = Release|Any CPU
		{CB84FE22-FF2B-4813-A647-2E0EF3291327}.Debug|Any CPU.ActiveCfg = Debug|Any CPU
		{CB84FE22-FF2B-4813-A647-2E0EF3291327}.Debug|Any CPU.Build.0 = Debug|Any CPU
		{CB84FE22-FF2B-4813-A647-2E0EF3291327}.Release|Any CPU.ActiveCfg = Release|Any CPU
		{CB84FE22-FF2B-4813-A647-2E0EF3291327}.Release|Any CPU.Build.0 = Release|Any CPU
		{D04546EA-512A-479C-AA04-91F828A7A9C0}.Debug|Any CPU.ActiveCfg = Debug|Any CPU
		{D04546EA-512A-479C-AA04-91F828A7A9C0}.Debug|Any CPU.Build.0 = Debug|Any CPU
		{D04546EA-512A-479C-AA04-91F828A7A9C0}.Release|Any CPU.ActiveCfg = Release|Any CPU
		{D04546EA-512A-479C-AA04-91F828A7A9C0}.Release|Any CPU.Build.0 = Release|Any CPU
		{CC49B49E-94F0-405B-BE64-3AC7D29117CE}.Debug|Any CPU.ActiveCfg = Debug|Any CPU
		{CC49B49E-94F0-405B-BE64-3AC7D29117CE}.Debug|Any CPU.Build.0 = Debug|Any CPU
		{CC49B49E-94F0-405B-BE64-3AC7D29117CE}.Release|Any CPU.ActiveCfg = Release|Any CPU
		{CC49B49E-94F0-405B-BE64-3AC7D29117CE}.Release|Any CPU.Build.0 = Release|Any CPU
		{301BEC4A-3741-412D-BBD3-55B3DC01A4F4}.Debug|Any CPU.ActiveCfg = Debug|Any CPU
		{301BEC4A-3741-412D-BBD3-55B3DC01A4F4}.Debug|Any CPU.Build.0 = Debug|Any CPU
		{301BEC4A-3741-412D-BBD3-55B3DC01A4F4}.Release|Any CPU.ActiveCfg = Release|Any CPU
		{301BEC4A-3741-412D-BBD3-55B3DC01A4F4}.Release|Any CPU.Build.0 = Release|Any CPU
		{BD5A4275-4560-40A3-817B-093BA329D01F}.Debug|Any CPU.ActiveCfg = Debug|Any CPU
		{BD5A4275-4560-40A3-817B-093BA329D01F}.Debug|Any CPU.Build.0 = Debug|Any CPU
		{BD5A4275-4560-40A3-817B-093BA329D01F}.Release|Any CPU.ActiveCfg = Release|Any CPU
		{BD5A4275-4560-40A3-817B-093BA329D01F}.Release|Any CPU.Build.0 = Release|Any CPU
		{66470603-2637-49DB-B25F-AEA9F89E5662}.Debug|Any CPU.ActiveCfg = Debug|Any CPU
		{66470603-2637-49DB-B25F-AEA9F89E5662}.Debug|Any CPU.Build.0 = Debug|Any CPU
		{66470603-2637-49DB-B25F-AEA9F89E5662}.Release|Any CPU.ActiveCfg = Release|Any CPU
		{66470603-2637-49DB-B25F-AEA9F89E5662}.Release|Any CPU.Build.0 = Release|Any CPU
		{331651A3-B204-4D36-BBE6-95CCB0B5668B}.Debug|Any CPU.ActiveCfg = Debug|Any CPU
		{331651A3-B204-4D36-BBE6-95CCB0B5668B}.Debug|Any CPU.Build.0 = Debug|Any CPU
		{331651A3-B204-4D36-BBE6-95CCB0B5668B}.Release|Any CPU.ActiveCfg = Release|Any CPU
		{331651A3-B204-4D36-BBE6-95CCB0B5668B}.Release|Any CPU.Build.0 = Release|Any CPU
		{F0B85C4C-612C-4EFF-96BF-0CF946330C94}.Debug|Any CPU.ActiveCfg = Debug|Any CPU
		{F0B85C4C-612C-4EFF-96BF-0CF946330C94}.Debug|Any CPU.Build.0 = Debug|Any CPU
		{F0B85C4C-612C-4EFF-96BF-0CF946330C94}.Release|Any CPU.ActiveCfg = Release|Any CPU
		{F0B85C4C-612C-4EFF-96BF-0CF946330C94}.Release|Any CPU.Build.0 = Release|Any CPU
		{1E6119CA-21AB-472A-806D-BBE0483BA59A}.Debug|Any CPU.ActiveCfg = Debug|Any CPU
		{1E6119CA-21AB-472A-806D-BBE0483BA59A}.Debug|Any CPU.Build.0 = Debug|Any CPU
		{1E6119CA-21AB-472A-806D-BBE0483BA59A}.Release|Any CPU.ActiveCfg = Release|Any CPU
		{1E6119CA-21AB-472A-806D-BBE0483BA59A}.Release|Any CPU.Build.0 = Release|Any CPU
		{48F87CE9-8FCB-442B-8493-DE3E04CAEF49}.Debug|Any CPU.ActiveCfg = Debug|Any CPU
		{48F87CE9-8FCB-442B-8493-DE3E04CAEF49}.Debug|Any CPU.Build.0 = Debug|Any CPU
		{48F87CE9-8FCB-442B-8493-DE3E04CAEF49}.Release|Any CPU.ActiveCfg = Release|Any CPU
		{48F87CE9-8FCB-442B-8493-DE3E04CAEF49}.Release|Any CPU.Build.0 = Release|Any CPU
		{7F9BDCC7-97BE-49C0-868A-79EE63B1E4E9}.Debug|Any CPU.ActiveCfg = Debug|Any CPU
		{7F9BDCC7-97BE-49C0-868A-79EE63B1E4E9}.Debug|Any CPU.Build.0 = Debug|Any CPU
		{7F9BDCC7-97BE-49C0-868A-79EE63B1E4E9}.Release|Any CPU.ActiveCfg = Release|Any CPU
		{7F9BDCC7-97BE-49C0-868A-79EE63B1E4E9}.Release|Any CPU.Build.0 = Release|Any CPU
		{2A6D0FE0-13D1-4467-8BDA-9C7E005BF08C}.Debug|Any CPU.ActiveCfg = Debug|Any CPU
		{2A6D0FE0-13D1-4467-8BDA-9C7E005BF08C}.Debug|Any CPU.Build.0 = Debug|Any CPU
		{2A6D0FE0-13D1-4467-8BDA-9C7E005BF08C}.Release|Any CPU.ActiveCfg = Release|Any CPU
		{2A6D0FE0-13D1-4467-8BDA-9C7E005BF08C}.Release|Any CPU.Build.0 = Release|Any CPU
		{33714165-1784-495F-AA27-8D3DE95D3D0B}.Debug|Any CPU.ActiveCfg = Debug|Any CPU
		{33714165-1784-495F-AA27-8D3DE95D3D0B}.Debug|Any CPU.Build.0 = Debug|Any CPU
		{33714165-1784-495F-AA27-8D3DE95D3D0B}.Release|Any CPU.ActiveCfg = Release|Any CPU
		{33714165-1784-495F-AA27-8D3DE95D3D0B}.Release|Any CPU.Build.0 = Release|Any CPU
		{C697C908-DD3B-479D-8024-CC113DCDCAA0}.Debug|Any CPU.ActiveCfg = Debug|Any CPU
		{C697C908-DD3B-479D-8024-CC113DCDCAA0}.Debug|Any CPU.Build.0 = Debug|Any CPU
		{C697C908-DD3B-479D-8024-CC113DCDCAA0}.Release|Any CPU.ActiveCfg = Release|Any CPU
		{C697C908-DD3B-479D-8024-CC113DCDCAA0}.Release|Any CPU.Build.0 = Release|Any CPU
		{FA8896B8-5A18-43F7-9C11-59104EAD1E61}.Debug|Any CPU.ActiveCfg = Debug|Any CPU
		{FA8896B8-5A18-43F7-9C11-59104EAD1E61}.Debug|Any CPU.Build.0 = Debug|Any CPU
		{FA8896B8-5A18-43F7-9C11-59104EAD1E61}.Release|Any CPU.ActiveCfg = Release|Any CPU
		{FA8896B8-5A18-43F7-9C11-59104EAD1E61}.Release|Any CPU.Build.0 = Release|Any CPU
		{E7A0BB82-B26C-42DE-B68F-1BA19EC33ECB}.Debug|Any CPU.ActiveCfg = Debug|Any CPU
		{E7A0BB82-B26C-42DE-B68F-1BA19EC33ECB}.Debug|Any CPU.Build.0 = Debug|Any CPU
		{E7A0BB82-B26C-42DE-B68F-1BA19EC33ECB}.Release|Any CPU.ActiveCfg = Release|Any CPU
		{E7A0BB82-B26C-42DE-B68F-1BA19EC33ECB}.Release|Any CPU.Build.0 = Release|Any CPU
		{0E509657-180E-4C4A-9320-2888454C9CF5}.Debug|Any CPU.ActiveCfg = Debug|Any CPU
		{0E509657-180E-4C4A-9320-2888454C9CF5}.Debug|Any CPU.Build.0 = Debug|Any CPU
		{0E509657-180E-4C4A-9320-2888454C9CF5}.Release|Any CPU.ActiveCfg = Release|Any CPU
		{0E509657-180E-4C4A-9320-2888454C9CF5}.Release|Any CPU.Build.0 = Release|Any CPU
		{142D2D14-62E1-48B6-92BD-B2CB9B143452}.Debug|Any CPU.ActiveCfg = Debug|Any CPU
		{142D2D14-62E1-48B6-92BD-B2CB9B143452}.Debug|Any CPU.Build.0 = Debug|Any CPU
		{142D2D14-62E1-48B6-92BD-B2CB9B143452}.Release|Any CPU.ActiveCfg = Release|Any CPU
		{142D2D14-62E1-48B6-92BD-B2CB9B143452}.Release|Any CPU.Build.0 = Release|Any CPU
		{785431C2-13DF-4C55-9E7F-EE6EDC1DC50F}.Debug|Any CPU.ActiveCfg = Debug|Any CPU
		{785431C2-13DF-4C55-9E7F-EE6EDC1DC50F}.Debug|Any CPU.Build.0 = Debug|Any CPU
		{785431C2-13DF-4C55-9E7F-EE6EDC1DC50F}.Release|Any CPU.ActiveCfg = Release|Any CPU
		{785431C2-13DF-4C55-9E7F-EE6EDC1DC50F}.Release|Any CPU.Build.0 = Release|Any CPU
		{043DCA6A-FF1B-4CD1-94CC-70FC3311C77D}.Debug|Any CPU.ActiveCfg = Debug|Any CPU
		{043DCA6A-FF1B-4CD1-94CC-70FC3311C77D}.Debug|Any CPU.Build.0 = Debug|Any CPU
		{043DCA6A-FF1B-4CD1-94CC-70FC3311C77D}.Release|Any CPU.ActiveCfg = Release|Any CPU
		{043DCA6A-FF1B-4CD1-94CC-70FC3311C77D}.Release|Any CPU.Build.0 = Release|Any CPU
		{CA3FB925-74B3-49A0-83BA-50D4FC8AA775}.Debug|Any CPU.ActiveCfg = Debug|Any CPU
		{CA3FB925-74B3-49A0-83BA-50D4FC8AA775}.Debug|Any CPU.Build.0 = Debug|Any CPU
		{CA3FB925-74B3-49A0-83BA-50D4FC8AA775}.Release|Any CPU.ActiveCfg = Release|Any CPU
		{CA3FB925-74B3-49A0-83BA-50D4FC8AA775}.Release|Any CPU.Build.0 = Release|Any CPU
		{49227D47-2FA0-43D7-B0C8-5F958DC348E7}.Debug|Any CPU.ActiveCfg = Debug|Any CPU
		{49227D47-2FA0-43D7-B0C8-5F958DC348E7}.Debug|Any CPU.Build.0 = Debug|Any CPU
		{49227D47-2FA0-43D7-B0C8-5F958DC348E7}.Release|Any CPU.ActiveCfg = Release|Any CPU
		{49227D47-2FA0-43D7-B0C8-5F958DC348E7}.Release|Any CPU.Build.0 = Release|Any CPU
		{4A5FFA15-C531-4D3A-8676-310AF55265FE}.Debug|Any CPU.ActiveCfg = Debug|Any CPU
		{4A5FFA15-C531-4D3A-8676-310AF55265FE}.Debug|Any CPU.Build.0 = Debug|Any CPU
		{4A5FFA15-C531-4D3A-8676-310AF55265FE}.Release|Any CPU.ActiveCfg = Release|Any CPU
		{4A5FFA15-C531-4D3A-8676-310AF55265FE}.Release|Any CPU.Build.0 = Release|Any CPU
		{9C0294F0-8D44-41BA-B211-9FE3F62037EE}.Debug|Any CPU.ActiveCfg = Debug|Any CPU
		{9C0294F0-8D44-41BA-B211-9FE3F62037EE}.Debug|Any CPU.Build.0 = Debug|Any CPU
		{9C0294F0-8D44-41BA-B211-9FE3F62037EE}.Release|Any CPU.ActiveCfg = Release|Any CPU
		{9C0294F0-8D44-41BA-B211-9FE3F62037EE}.Release|Any CPU.Build.0 = Release|Any CPU
		{CB25C2F6-452B-4D3C-834B-71AE4CE8A2FD}.Debug|Any CPU.ActiveCfg = Debug|Any CPU
		{CB25C2F6-452B-4D3C-834B-71AE4CE8A2FD}.Debug|Any CPU.Build.0 = Debug|Any CPU
		{CB25C2F6-452B-4D3C-834B-71AE4CE8A2FD}.Release|Any CPU.ActiveCfg = Release|Any CPU
		{CB25C2F6-452B-4D3C-834B-71AE4CE8A2FD}.Release|Any CPU.Build.0 = Release|Any CPU
		{758DACDF-5C63-4543-B298-1AC7FF02167D}.Debug|Any CPU.ActiveCfg = Debug|Any CPU
		{758DACDF-5C63-4543-B298-1AC7FF02167D}.Debug|Any CPU.Build.0 = Debug|Any CPU
		{758DACDF-5C63-4543-B298-1AC7FF02167D}.Release|Any CPU.ActiveCfg = Release|Any CPU
		{758DACDF-5C63-4543-B298-1AC7FF02167D}.Release|Any CPU.Build.0 = Release|Any CPU
		{7349494F-7D36-42A3-8E48-DA0EEA092270}.Debug|Any CPU.ActiveCfg = Debug|Any CPU
		{7349494F-7D36-42A3-8E48-DA0EEA092270}.Debug|Any CPU.Build.0 = Debug|Any CPU
		{7349494F-7D36-42A3-8E48-DA0EEA092270}.Release|Any CPU.ActiveCfg = Release|Any CPU
		{7349494F-7D36-42A3-8E48-DA0EEA092270}.Release|Any CPU.Build.0 = Release|Any CPU
	EndGlobalSection
	GlobalSection(SolutionProperties) = preSolution
		HideSolutionNode = FALSE
	EndGlobalSection
	GlobalSection(ExtensibilityGlobals) = postSolution
		SolutionGuid = {F5920F96-DD6C-4893-9E44-39CE631D8655}
	EndGlobalSection
EndGlobal
