
Microsoft Visual Studio Solution File, Format Version 12.00
# Visual Studio Version 17
VisualStudioVersion = 17.2.32630.192
MinimumVisualStudioVersion = 10.0.40219.1
Project("{9A19103F-16F7-4668-BE54-9A1E7A4F7556}") = "D8S.L0014", "D8S.L0014\D8S.L0014.csproj", "{968878BE-4510-4B19-804B-F2283B0D3380}"
EndProject
Project("{2150E333-8FDC-42A3-9474-1A3956D46DE8}") = "_Dependencies", "_Dependencies", "{803A0BCB-7F1F-44A4-86E8-B32386854CC4}"
EndProject
Project("{9A19103F-16F7-4668-BE54-9A1E7A4F7556}") = "D8S.L0014.T000", "D8S.L0014.T000\D8S.L0014.T000.csproj", "{4182593C-AC5A-41C6-AFC4-5C5781BF830D}"
EndProject
Project("{9A19103F-16F7-4668-BE54-9A1E7A4F7556}") = "D8S.L0014.T001", "D8S.L0014.T001\D8S.L0014.T001.csproj", "{97CA50EE-7103-4014-974C-63E32A741438}"
EndProject
Project("{9A19103F-16F7-4668-BE54-9A1E7A4F7556}") = "F10Y.L0000", "..\..\..\Functionairy\F10Y.L0000\source\F10Y.L0000\F10Y.L0000.csproj", "{2DB9B2A8-F173-4011-94E0-F9000634B06C}"
EndProject
Project("{9A19103F-16F7-4668-BE54-9A1E7A4F7556}") = "F10Y.L0001.L000", "..\..\..\Functionairy\F10Y.L0001\source\F10Y.L0001.L000\F10Y.L0001.L000.csproj", "{7665E62C-3551-49AA-BCB4-50AD6BBA3BDA}"
EndProject
Project("{9A19103F-16F7-4668-BE54-9A1E7A4F7556}") = "F10Y.L0001.X000", "..\..\..\Functionairy\F10Y.L0001\source\F10Y.L0001.X000\F10Y.L0001.X000.csproj", "{68DA69BD-8D0B-4B58-B60C-0608B29358A4}"
EndProject
Project("{9A19103F-16F7-4668-BE54-9A1E7A4F7556}") = "F10Y.T0000", "..\..\..\Functionairy\F10Y.T0000\source\F10Y.T0000\F10Y.T0000.csproj", "{531E9654-0AAC-4D4D-B80F-0671E6D56439}"
EndProject
Project("{9A19103F-16F7-4668-BE54-9A1E7A4F7556}") = "F10Y.T0001", "..\..\..\Functionairy\F10Y.T0001\source\F10Y.T0001\F10Y.T0001.csproj", "{8B37E9B3-467C-4C39-9138-BE42A1BCEA47}"
EndProject
Project("{9A19103F-16F7-4668-BE54-9A1E7A4F7556}") = "F10Y.T0002", "..\..\..\Functionairy\F10Y.T0002\source\F10Y.T0002\F10Y.T0002.csproj", "{CB449D9A-D573-4D43-A28B-34E7CF273667}"
EndProject
Project("{9A19103F-16F7-4668-BE54-9A1E7A4F7556}") = "F10Y.T0003", "..\..\..\Functionairy\F10Y.T0003\source\F10Y.T0003\F10Y.T0003.csproj", "{AA90BF9B-67D1-4F4C-AC5F-18F4EB538536}"
EndProject
Project("{9A19103F-16F7-4668-BE54-9A1E7A4F7556}") = "F10Y.T0004", "..\..\..\Functionairy\F10Y.T0004\source\F10Y.T0004\F10Y.T0004.csproj", "{C7E620F5-73D4-400E-B747-22ACBDF44694}"
EndProject
Project("{9A19103F-16F7-4668-BE54-9A1E7A4F7556}") = "F10Y.T0011", "..\..\..\Functionairy\F10Y.T0011\source\F10Y.T0011\F10Y.T0011.csproj", "{534DDCB3-A3BD-4640-B81C-C7A4B0A7203F}"
EndProject
Project("{9A19103F-16F7-4668-BE54-9A1E7A4F7556}") = "F10Y.Y0000", "..\..\..\Functionairy\F10Y.Y0000\source\F10Y.Y0000\F10Y.Y0000.csproj", "{E599E1A3-41D2-4029-A63D-64C392ECFF99}"
EndProject
Project("{9A19103F-16F7-4668-BE54-9A1E7A4F7556}") = "R5T.L0066", "..\..\..\SafetyCone\R5T.L0066\source\R5T.L0066\R5T.L0066.csproj", "{90DB0339-1B7D-4CB7-860C-52F77F814C05}"
EndProject
Project("{9A19103F-16F7-4668-BE54-9A1E7A4F7556}") = "R5T.T0131", "..\..\..\SafetyCone\R5T.T0131\source\R5T.T0131\R5T.T0131.csproj", "{4FDC20B0-F7CE-4891-8548-53C893DC0039}"
EndProject
Project("{9A19103F-16F7-4668-BE54-9A1E7A4F7556}") = "R5T.T0132", "..\..\..\SafetyCone\R5T.T0132\source\R5T.T0132\R5T.T0132.csproj", "{E2F94066-7272-4938-95A1-DDA3CB06432F}"
EndProject
Project("{9A19103F-16F7-4668-BE54-9A1E7A4F7556}") = "R5T.T0142", "..\..\..\SafetyCone\R5T.T0142\source\R5T.T0142\R5T.T0142.csproj", "{C95600A9-22E9-407E-A15E-9DC569509E2B}"
EndProject
Project("{9A19103F-16F7-4668-BE54-9A1E7A4F7556}") = "R5T.T0143", "..\..\..\SafetyCone\R5T.T0143\source\R5T.T0143\R5T.T0143.csproj", "{6B459BF8-4281-4D5B-A3E5-2FD5D9000E8F}"
EndProject
Project("{9A19103F-16F7-4668-BE54-9A1E7A4F7556}") = "R5T.T0156", "..\..\..\SafetyCone\R5T.T0156\source\R5T.T0156\R5T.T0156.csproj", "{7025B756-052B-4DDA-99FE-0F5228C629B1}"
EndProject
Project("{9A19103F-16F7-4668-BE54-9A1E7A4F7556}") = "R5T.T0240", "..\..\..\SafetyCone\R5T.T0240\source\R5T.T0240\R5T.T0240.csproj", "{F01FBC96-8F4F-4B8B-8D38-0451A034B60E}"
EndProject
Project("{9A19103F-16F7-4668-BE54-9A1E7A4F7556}") = "R5T.T0241", "..\..\..\SafetyCone\R5T.T0241\source\R5T.T0241\R5T.T0241.csproj", "{CB03328B-B91B-4FC5-8866-91589A5CB62F}"
EndProject
Project("{9A19103F-16F7-4668-BE54-9A1E7A4F7556}") = "R5T.Y0006", "..\..\..\SafetyCone\R5T.Y0006\source\R5T.Y0006\R5T.Y0006.csproj", "{998A2A1E-AC28-47C0-8B0D-3AA66D41E90C}"
EndProject
Global
	GlobalSection(SolutionConfigurationPlatforms) = preSolution
		Debug|Any CPU = Debug|Any CPU
		Release|Any CPU = Release|Any CPU
	EndGlobalSection
	GlobalSection(ProjectConfigurationPlatforms) = postSolution
		{968878BE-4510-4B19-804B-F2283B0D3380}.Debug|Any CPU.ActiveCfg = Debug|Any CPU
		{968878BE-4510-4B19-804B-F2283B0D3380}.Debug|Any CPU.Build.0 = Debug|Any CPU
		{968878BE-4510-4B19-804B-F2283B0D3380}.Release|Any CPU.ActiveCfg = Release|Any CPU
		{968878BE-4510-4B19-804B-F2283B0D3380}.Release|Any CPU.Build.0 = Release|Any CPU
		{4182593C-AC5A-41C6-AFC4-5C5781BF830D}.Debug|Any CPU.ActiveCfg = Debug|Any CPU
		{4182593C-AC5A-41C6-AFC4-5C5781BF830D}.Debug|Any CPU.Build.0 = Debug|Any CPU
		{4182593C-AC5A-41C6-AFC4-5C5781BF830D}.Release|Any CPU.ActiveCfg = Release|Any CPU
		{4182593C-AC5A-41C6-AFC4-5C5781BF830D}.Release|Any CPU.Build.0 = Release|Any CPU
		{97CA50EE-7103-4014-974C-63E32A741438}.Debug|Any CPU.ActiveCfg = Debug|Any CPU
		{97CA50EE-7103-4014-974C-63E32A741438}.Debug|Any CPU.Build.0 = Debug|Any CPU
		{97CA50EE-7103-4014-974C-63E32A741438}.Release|Any CPU.ActiveCfg = Release|Any CPU
		{97CA50EE-7103-4014-974C-63E32A741438}.Release|Any CPU.Build.0 = Release|Any CPU
		{2DB9B2A8-F173-4011-94E0-F9000634B06C}.Debug|Any CPU.ActiveCfg = Debug|Any CPU
		{2DB9B2A8-F173-4011-94E0-F9000634B06C}.Debug|Any CPU.Build.0 = Debug|Any CPU
		{2DB9B2A8-F173-4011-94E0-F9000634B06C}.Release|Any CPU.ActiveCfg = Release|Any CPU
		{2DB9B2A8-F173-4011-94E0-F9000634B06C}.Release|Any CPU.Build.0 = Release|Any CPU
		{7665E62C-3551-49AA-BCB4-50AD6BBA3BDA}.Debug|Any CPU.ActiveCfg = Debug|Any CPU
		{7665E62C-3551-49AA-BCB4-50AD6BBA3BDA}.Debug|Any CPU.Build.0 = Debug|Any CPU
		{7665E62C-3551-49AA-BCB4-50AD6BBA3BDA}.Release|Any CPU.ActiveCfg = Release|Any CPU
		{7665E62C-3551-49AA-BCB4-50AD6BBA3BDA}.Release|Any CPU.Build.0 = Release|Any CPU
		{68DA69BD-8D0B-4B58-B60C-0608B29358A4}.Debug|Any CPU.ActiveCfg = Debug|Any CPU
		{68DA69BD-8D0B-4B58-B60C-0608B29358A4}.Debug|Any CPU.Build.0 = Debug|Any CPU
		{68DA69BD-8D0B-4B58-B60C-0608B29358A4}.Release|Any CPU.ActiveCfg = Release|Any CPU
		{68DA69BD-8D0B-4B58-B60C-0608B29358A4}.Release|Any CPU.Build.0 = Release|Any CPU
		{531E9654-0AAC-4D4D-B80F-0671E6D56439}.Debug|Any CPU.ActiveCfg = Debug|Any CPU
		{531E9654-0AAC-4D4D-B80F-0671E6D56439}.Debug|Any CPU.Build.0 = Debug|Any CPU
		{531E9654-0AAC-4D4D-B80F-0671E6D56439}.Release|Any CPU.ActiveCfg = Release|Any CPU
		{531E9654-0AAC-4D4D-B80F-0671E6D56439}.Release|Any CPU.Build.0 = Release|Any CPU
		{8B37E9B3-467C-4C39-9138-BE42A1BCEA47}.Debug|Any CPU.ActiveCfg = Debug|Any CPU
		{8B37E9B3-467C-4C39-9138-BE42A1BCEA47}.Debug|Any CPU.Build.0 = Debug|Any CPU
		{8B37E9B3-467C-4C39-9138-BE42A1BCEA47}.Release|Any CPU.ActiveCfg = Release|Any CPU
		{8B37E9B3-467C-4C39-9138-BE42A1BCEA47}.Release|Any CPU.Build.0 = Release|Any CPU
		{CB449D9A-D573-4D43-A28B-34E7CF273667}.Debug|Any CPU.ActiveCfg = Debug|Any CPU
		{CB449D9A-D573-4D43-A28B-34E7CF273667}.Debug|Any CPU.Build.0 = Debug|Any CPU
		{CB449D9A-D573-4D43-A28B-34E7CF273667}.Release|Any CPU.ActiveCfg = Release|Any CPU
		{CB449D9A-D573-4D43-A28B-34E7CF273667}.Release|Any CPU.Build.0 = Release|Any CPU
		{AA90BF9B-67D1-4F4C-AC5F-18F4EB538536}.Debug|Any CPU.ActiveCfg = Debug|Any CPU
		{AA90BF9B-67D1-4F4C-AC5F-18F4EB538536}.Debug|Any CPU.Build.0 = Debug|Any CPU
		{AA90BF9B-67D1-4F4C-AC5F-18F4EB538536}.Release|Any CPU.ActiveCfg = Release|Any CPU
		{AA90BF9B-67D1-4F4C-AC5F-18F4EB538536}.Release|Any CPU.Build.0 = Release|Any CPU
		{C7E620F5-73D4-400E-B747-22ACBDF44694}.Debug|Any CPU.ActiveCfg = Debug|Any CPU
		{C7E620F5-73D4-400E-B747-22ACBDF44694}.Debug|Any CPU.Build.0 = Debug|Any CPU
		{C7E620F5-73D4-400E-B747-22ACBDF44694}.Release|Any CPU.ActiveCfg = Release|Any CPU
		{C7E620F5-73D4-400E-B747-22ACBDF44694}.Release|Any CPU.Build.0 = Release|Any CPU
		{534DDCB3-A3BD-4640-B81C-C7A4B0A7203F}.Debug|Any CPU.ActiveCfg = Debug|Any CPU
		{534DDCB3-A3BD-4640-B81C-C7A4B0A7203F}.Debug|Any CPU.Build.0 = Debug|Any CPU
		{534DDCB3-A3BD-4640-B81C-C7A4B0A7203F}.Release|Any CPU.ActiveCfg = Release|Any CPU
		{534DDCB3-A3BD-4640-B81C-C7A4B0A7203F}.Release|Any CPU.Build.0 = Release|Any CPU
		{E599E1A3-41D2-4029-A63D-64C392ECFF99}.Debug|Any CPU.ActiveCfg = Debug|Any CPU
		{E599E1A3-41D2-4029-A63D-64C392ECFF99}.Debug|Any CPU.Build.0 = Debug|Any CPU
		{E599E1A3-41D2-4029-A63D-64C392ECFF99}.Release|Any CPU.ActiveCfg = Release|Any CPU
		{E599E1A3-41D2-4029-A63D-64C392ECFF99}.Release|Any CPU.Build.0 = Release|Any CPU
		{90DB0339-1B7D-4CB7-860C-52F77F814C05}.Debug|Any CPU.ActiveCfg = Debug|Any CPU
		{90DB0339-1B7D-4CB7-860C-52F77F814C05}.Debug|Any CPU.Build.0 = Debug|Any CPU
		{90DB0339-1B7D-4CB7-860C-52F77F814C05}.Release|Any CPU.ActiveCfg = Release|Any CPU
		{90DB0339-1B7D-4CB7-860C-52F77F814C05}.Release|Any CPU.Build.0 = Release|Any CPU
		{4FDC20B0-F7CE-4891-8548-53C893DC0039}.Debug|Any CPU.ActiveCfg = Debug|Any CPU
		{4FDC20B0-F7CE-4891-8548-53C893DC0039}.Debug|Any CPU.Build.0 = Debug|Any CPU
		{4FDC20B0-F7CE-4891-8548-53C893DC0039}.Release|Any CPU.ActiveCfg = Release|Any CPU
		{4FDC20B0-F7CE-4891-8548-53C893DC0039}.Release|Any CPU.Build.0 = Release|Any CPU
		{E2F94066-7272-4938-95A1-DDA3CB06432F}.Debug|Any CPU.ActiveCfg = Debug|Any CPU
		{E2F94066-7272-4938-95A1-DDA3CB06432F}.Debug|Any CPU.Build.0 = Debug|Any CPU
		{E2F94066-7272-4938-95A1-DDA3CB06432F}.Release|Any CPU.ActiveCfg = Release|Any CPU
		{E2F94066-7272-4938-95A1-DDA3CB06432F}.Release|Any CPU.Build.0 = Release|Any CPU
		{C95600A9-22E9-407E-A15E-9DC569509E2B}.Debug|Any CPU.ActiveCfg = Debug|Any CPU
		{C95600A9-22E9-407E-A15E-9DC569509E2B}.Debug|Any CPU.Build.0 = Debug|Any CPU
		{C95600A9-22E9-407E-A15E-9DC569509E2B}.Release|Any CPU.ActiveCfg = Release|Any CPU
		{C95600A9-22E9-407E-A15E-9DC569509E2B}.Release|Any CPU.Build.0 = Release|Any CPU
		{6B459BF8-4281-4D5B-A3E5-2FD5D9000E8F}.Debug|Any CPU.ActiveCfg = Debug|Any CPU
		{6B459BF8-4281-4D5B-A3E5-2FD5D9000E8F}.Debug|Any CPU.Build.0 = Debug|Any CPU
		{6B459BF8-4281-4D5B-A3E5-2FD5D9000E8F}.Release|Any CPU.ActiveCfg = Release|Any CPU
		{6B459BF8-4281-4D5B-A3E5-2FD5D9000E8F}.Release|Any CPU.Build.0 = Release|Any CPU
		{7025B756-052B-4DDA-99FE-0F5228C629B1}.Debug|Any CPU.ActiveCfg = Debug|Any CPU
		{7025B756-052B-4DDA-99FE-0F5228C629B1}.Debug|Any CPU.Build.0 = Debug|Any CPU
		{7025B756-052B-4DDA-99FE-0F5228C629B1}.Release|Any CPU.ActiveCfg = Release|Any CPU
		{7025B756-052B-4DDA-99FE-0F5228C629B1}.Release|Any CPU.Build.0 = Release|Any CPU
		{F01FBC96-8F4F-4B8B-8D38-0451A034B60E}.Debug|Any CPU.ActiveCfg = Debug|Any CPU
		{F01FBC96-8F4F-4B8B-8D38-0451A034B60E}.Debug|Any CPU.Build.0 = Debug|Any CPU
		{F01FBC96-8F4F-4B8B-8D38-0451A034B60E}.Release|Any CPU.ActiveCfg = Release|Any CPU
		{F01FBC96-8F4F-4B8B-8D38-0451A034B60E}.Release|Any CPU.Build.0 = Release|Any CPU
		{CB03328B-B91B-4FC5-8866-91589A5CB62F}.Debug|Any CPU.ActiveCfg = Debug|Any CPU
		{CB03328B-B91B-4FC5-8866-91589A5CB62F}.Debug|Any CPU.Build.0 = Debug|Any CPU
		{CB03328B-B91B-4FC5-8866-91589A5CB62F}.Release|Any CPU.ActiveCfg = Release|Any CPU
		{CB03328B-B91B-4FC5-8866-91589A5CB62F}.Release|Any CPU.Build.0 = Release|Any CPU
		{998A2A1E-AC28-47C0-8B0D-3AA66D41E90C}.Debug|Any CPU.ActiveCfg = Debug|Any CPU
		{998A2A1E-AC28-47C0-8B0D-3AA66D41E90C}.Debug|Any CPU.Build.0 = Debug|Any CPU
		{998A2A1E-AC28-47C0-8B0D-3AA66D41E90C}.Release|Any CPU.ActiveCfg = Release|Any CPU
		{998A2A1E-AC28-47C0-8B0D-3AA66D41E90C}.Release|Any CPU.Build.0 = Release|Any CPU
	EndGlobalSection
	GlobalSection(SolutionProperties) = preSolution
		HideSolutionNode = FALSE
	EndGlobalSection
	GlobalSection(NestedProjects) = preSolution
		{2DB9B2A8-F173-4011-94E0-F9000634B06C} = {803A0BCB-7F1F-44A4-86E8-B32386854CC4}
		{7665E62C-3551-49AA-BCB4-50AD6BBA3BDA} = {803A0BCB-7F1F-44A4-86E8-B32386854CC4}
		{68DA69BD-8D0B-4B58-B60C-0608B29358A4} = {803A0BCB-7F1F-44A4-86E8-B32386854CC4}
		{531E9654-0AAC-4D4D-B80F-0671E6D56439} = {803A0BCB-7F1F-44A4-86E8-B32386854CC4}
		{8B37E9B3-467C-4C39-9138-BE42A1BCEA47} = {803A0BCB-7F1F-44A4-86E8-B32386854CC4}
		{CB449D9A-D573-4D43-A28B-34E7CF273667} = {803A0BCB-7F1F-44A4-86E8-B32386854CC4}
		{AA90BF9B-67D1-4F4C-AC5F-18F4EB538536} = {803A0BCB-7F1F-44A4-86E8-B32386854CC4}
		{C7E620F5-73D4-400E-B747-22ACBDF44694} = {803A0BCB-7F1F-44A4-86E8-B32386854CC4}
		{534DDCB3-A3BD-4640-B81C-C7A4B0A7203F} = {803A0BCB-7F1F-44A4-86E8-B32386854CC4}
		{E599E1A3-41D2-4029-A63D-64C392ECFF99} = {803A0BCB-7F1F-44A4-86E8-B32386854CC4}
		{90DB0339-1B7D-4CB7-860C-52F77F814C05} = {803A0BCB-7F1F-44A4-86E8-B32386854CC4}
		{4FDC20B0-F7CE-4891-8548-53C893DC0039} = {803A0BCB-7F1F-44A4-86E8-B32386854CC4}
		{E2F94066-7272-4938-95A1-DDA3CB06432F} = {803A0BCB-7F1F-44A4-86E8-B32386854CC4}
		{C95600A9-22E9-407E-A15E-9DC569509E2B} = {803A0BCB-7F1F-44A4-86E8-B32386854CC4}
		{6B459BF8-4281-4D5B-A3E5-2FD5D9000E8F} = {803A0BCB-7F1F-44A4-86E8-B32386854CC4}
		{7025B756-052B-4DDA-99FE-0F5228C629B1} = {803A0BCB-7F1F-44A4-86E8-B32386854CC4}
		{F01FBC96-8F4F-4B8B-8D38-0451A034B60E} = {803A0BCB-7F1F-44A4-86E8-B32386854CC4}
		{CB03328B-B91B-4FC5-8866-91589A5CB62F} = {803A0BCB-7F1F-44A4-86E8-B32386854CC4}
		{998A2A1E-AC28-47C0-8B0D-3AA66D41E90C} = {803A0BCB-7F1F-44A4-86E8-B32386854CC4}
	EndGlobalSection
	GlobalSection(ExtensibilityGlobals) = postSolution
		SolutionGuid = {C452F906-3A56-4140-BADD-AB1FB9D2F57B}
	EndGlobalSection
EndGlobal
